
Microsoft Visual Studio Solution File, Format Version 12.00
# Visual Studio 15
VisualStudioVersion = 15.0.28307.271
MinimumVisualStudioVersion = 10.0.40219.1
Project("{FAE04EC0-301F-11D3-BF4B-00C04F79EFBC}") = "w0rkr", "w0rkr\w0rkr.csproj", "{D299727B-6AF2-4615-9E75-8E4086CE3580}"
EndProject
Project("{FAE04EC0-301F-11D3-BF4B-00C04F79EFBC}") = "w0rkr.JobExample", "w0rkr.JobExample\w0rkr.JobExample.csproj", "{A6B09123-EDC2-4FB6-8552-CE1594C9A86F}"
EndProject
Project("{FAE04EC0-301F-11D3-BF4B-00C04F79EFBC}") = "w0rkr.Tests", "w0rkr.Tests\w0rkr.Tests.csproj", "{1FDAC071-5FAF-4054-BADF-526730B9D29E}"
EndProject
Project("{FAE04EC0-301F-11D3-BF4B-00C04F79EFBC}") = "w0rkr.JobExample2", "w0rkr.JobExample2\w0rkr.JobExample2.csproj", "{CA9A77A2-7D46-4246-BC9C-E28F87762E79}"
EndProject
Global
	GlobalSection(SolutionConfigurationPlatforms) = preSolution
		Debug|Any CPU = Debug|Any CPU
		Release|Any CPU = Release|Any CPU
	EndGlobalSection
	GlobalSection(ProjectConfigurationPlatforms) = postSolution
		{D299727B-6AF2-4615-9E75-8E4086CE3580}.Debug|Any CPU.ActiveCfg = Debug|Any CPU
		{D299727B-6AF2-4615-9E75-8E4086CE3580}.Debug|Any CPU.Build.0 = Debug|Any CPU
		{D299727B-6AF2-4615-9E75-8E4086CE3580}.Release|Any CPU.ActiveCfg = Release|Any CPU
		{D299727B-6AF2-4615-9E75-8E4086CE3580}.Release|Any CPU.Build.0 = Release|Any CPU
		{A6B09123-EDC2-4FB6-8552-CE1594C9A86F}.Debug|Any CPU.ActiveCfg = Debug|Any CPU
		{A6B09123-EDC2-4FB6-8552-CE1594C9A86F}.Debug|Any CPU.Build.0 = Debug|Any CPU
		{A6B09123-EDC2-4FB6-8552-CE1594C9A86F}.Release|Any CPU.ActiveCfg = Release|Any CPU
		{A6B09123-EDC2-4FB6-8552-CE1594C9A86F}.Release|Any CPU.Build.0 = Release|Any CPU
		{1FDAC071-5FAF-4054-BADF-526730B9D29E}.Debug|Any CPU.ActiveCfg = Debug|Any CPU
		{1FDAC071-5FAF-4054-BADF-526730B9D29E}.Debug|Any CPU.Build.0 = Debug|Any CPU
		{1FDAC071-5FAF-4054-BADF-526730B9D29E}.Release|Any CPU.ActiveCfg = Release|Any CPU
		{1FDAC071-5FAF-4054-BADF-526730B9D29E}.Release|Any CPU.Build.0 = Release|Any CPU
		{CA9A77A2-7D46-4246-BC9C-E28F87762E79}.Debug|Any CPU.ActiveCfg = Debug|Any CPU
		{CA9A77A2-7D46-4246-BC9C-E28F87762E79}.Debug|Any CPU.Build.0 = Debug|Any CPU
		{CA9A77A2-7D46-4246-BC9C-E28F87762E79}.Release|Any CPU.ActiveCfg = Release|Any CPU
		{CA9A77A2-7D46-4246-BC9C-E28F87762E79}.Release|Any CPU.Build.0 = Release|Any CPU
	EndGlobalSection
	GlobalSection(SolutionProperties) = preSolution
		HideSolutionNode = FALSE
	EndGlobalSection
	GlobalSection(ExtensibilityGlobals) = postSolution
		SolutionGuid = {9AE625AD-B0D4-4134-8146-E947D0C13B32}
	EndGlobalSection
EndGlobal
